PODS:
  - AliyunPlayer_iOS/AliyunPlayerSDK (3.4.10)
  - Kiwi (3.0.0)
  - Masonry (1.1.0)
  - ReactiveObjC (3.1.1)
  - WCRBase/Error (2.10.45)
  - WCRBase/Log (2.10.45)
  - WCRBase/Utils (2.10.45)
  - WCRBase/WCRNetWorking (2.10.45)
  - WCRBase/WCRReactiveObjC (2.10.45)
  - WCRBase/WCRYYModel (2.10.45)
  - WCRPlayerSDK/ALiPlayer (1.3.5):
    - AliyunPlayer_iOS/AliyunPlayerSDK (~> 3.4.9)
    - WCRBase/Error
    - WCRBase/Utils
    - WCRBase/WCRReactiveObjC

DEPENDENCIES:
  - Kiwi
  - Masonry
  - ReactiveObjC
  - WCRBase/Error
  - WCRBase/Log
  - WCRBase/Utils
  - WCRBase/WCRNetWorking
  - WCRBase/WCRReactiveObjC
  - WCRBase/WCRYYModel
  - WCRPlayerSDK/ALiPlayer

SPEC REPOS:
  https://git.100tal.com/jituan_kaifangpingtai_mofaxiao_zhiboyun-ios/WCRSpecs.git:
    - WCRBase
    - WCRPlayerSDK
  https://github.com/CocoaPods/Specs.git:
    - AliyunPlayer_iOS
    - Kiwi
    - Masonry
    - ReactiveObjC

SPEC CHECKSUMS:
  AliyunPlayer_iOS: 759820a9348ac0d1aff853034216a89ff4f843b2
  Kiwi: fbeafef0f00e4d8f7dcb3420a4930afe70af77f7
  Masonry: 678fab65091a9290e40e2832a55e7ab731aad201
  ReactiveObjC: 011caa393aa0383245f2dcf9bf02e86b80b36040
  WCRBase: 3ba5113c06e64de1a0d67c72828174c947153627
  WCRPlayerSDK: 22d4fd87d3ed6055f048163ff491ca1e32d57dd9

PODFILE CHECKSUM: c1c10ea747cf11db8ce41895cffca8a69271841c

COCOAPODS: 1.8.4
