PODS:
  - Kiwi (3.0.0)
  - Masonry (1.1.0)
  - ReactiveObjC (3.1.1)
  - WCRBase/Error (2.10.31)
  - WCRBase/Log (2.10.31)
  - WCRBase/Utils (2.10.31)
  - WCRBase/WCRNetWorking (2.10.31)
  - WCRBase/WCRReactiveObjC (2.10.31)
  - WCRBase/WCRYYModel (2.10.31)
  - WCRPlayerSDK/AVPlayer (1.3.4):
    - WCRBase/Error
    - WCRBase/Utils
    - WCRBase/WCRReactiveObjC

DEPENDENCIES:
  - Kiwi
  - Masonry
  - ReactiveObjC
  - WCRBase/Error
  - WCRBase/Log
  - WCRBase/Utils
  - WCRBase/WCRNetWorking
  - WCRBase/WCRReactiveObjC
  - WCRBase/WCRYYModel
  - WCRPlayerSDK/AVPlayer

SPEC REPOS:
  https://git.100tal.com/jituan_zhiboyun_yidongduan/WCRSpecs.git:
    - WCRBase
    - WCRPlayerSDK
  https://github.com/cocoapods/specs.git:
    - Kiwi
    - Masonry
    - ReactiveObjC

SPEC CHECKSUMS:
  Kiwi: fbeafef0f00e4d8f7dcb3420a4930afe70af77f7
  Masonry: 678fab65091a9290e40e2832a55e7ab731aad201
  ReactiveObjC: 011caa393aa0383245f2dcf9bf02e86b80b36040
  WCRBase: d5d1ef03cd79efa5c58b5d15d27fc1c33b24c44a
  WCRPlayerSDK: fb4b97c2fa23820d40dcd03db55fbfd83fa48d3f

PODFILE CHECKSUM: 3986de99cf6a152901d22919fcb3d44f204840cc

COCOAPODS: 1.6.2
