PODS:
  - AliyunPlayer_iOS/AliyunPlayerSDK (3.4.9)
  - Kiwi (3.0.0)
  - Masonry (1.1.0)
  - ReactiveObjC (3.1.1)
  - WCRBase/Error (2.10.3)
  - WCRBase/Log (2.10.3)
  - WCRBase/Utils (2.10.3)
  - WCRBase/WCRNetWorking (2.10.3)
  - WCRBase/WCRReactiveObjC (2.10.3)
  - WCRBase/WCRYYModel (2.10.3)
  - WCRPlayerSDK (1.3.0):
    - WCRPlayerSDK/Player (= 1.3.0)
  - WCRPlayerSDK/Player (1.3.0):
    - AliyunPlayer_iOS/AliyunPlayerSDK (~> 3.4.9)
    - WCRBase/Error
    - WCRBase/Utils
    - WCRBase/WCRReactiveObjC

DEPENDENCIES:
  - AliyunPlayer_iOS/AliyunPlayerSDK
  - Kiwi
  - Masonry
  - ReactiveObjC
  - WCRBase/Error
  - WCRBase/Log
  - WCRBase/Utils
  - WCRBase/WCRNetWorking
  - WCRBase/WCRReactiveObjC
  - WCRBase/WCRYYModel
  - WCRPlayerSDK

SPEC REPOS:
  https://git.100tal.com/jituan_zhiboyun_yidongduan/WCRSpecs.git:
    - WCRBase
    - WCRPlayerSDK
  https://github.com/cocoapods/specs.git:
    - AliyunPlayer_iOS
    - Kiwi
    - Masonry
    - ReactiveObjC

SPEC CHECKSUMS:
  AliyunPlayer_iOS: 5704f564e0c041668138a604ebff31ecb13fe7d3
  Kiwi: fbeafef0f00e4d8f7dcb3420a4930afe70af77f7
  Masonry: 678fab65091a9290e40e2832a55e7ab731aad201
  ReactiveObjC: 011caa393aa0383245f2dcf9bf02e86b80b36040
  WCRBase: cfab00e2f54d3d3da3f7ed7e247e5b55076dee25
  WCRPlayerSDK: 6083035e20112d9e9ccb560d544f7cd60e6db982

PODFILE CHECKSUM: 4e6fb071e4c9dcec9e6e27aec302526bfd5a4f58

COCOAPODS: 1.6.1
