PODS:
  - ReactiveObjC (3.1.0)
  - WCRBase/Error (1.6.0)
  - WCRBase/Log (1.6.0)
  - WCRBase/Utils (1.6.0)
  - WCRCourseWare/AVCourseWare (1.1.1):
    - ReactiveObjC
    - WCRBase/Error
    - WCRBase/Log
    - WCRBase/Utils
    - WCRPlayer
  - WCRPlayer (1.2.1):
    - ReactiveObjC
    - WCRBase/Error
    - WCRBase/Utils
    - WCRPlayer/ALiPlayer (= 1.2.1)
    - WCRPlayer/AVPlayer (= 1.2.1)
  - WCRPlayer/ALiPlayer (1.2.1):
    - ReactiveObjC
    - WCRBase/Error
    - WCRBase/Utils
  - WCRPlayer/AVPlayer (1.2.1):
    - ReactiveObjC
    - WCRBase/Error
    - WCRBase/Utils

DEPENDENCIES:
  - "WCRCourseWare/AVCourseWare (from `/Users/oyq/Documents/公司代码/WCRCourseWare`)"

SPEC REPOS:
  http://10.2.250.21/wcr_client/WCRBaseCocoaPods.git:
    - WCRBase
  http://10.2.250.21/wcr_client/WCRPlayerCocoaPods.git:
    - WCRPlayer
  https://github.com/cocoapods/specs.git:
    - ReactiveObjC

EXTERNAL SOURCES:
  WCRCourseWare:
    :path: "/Users/oyq/Documents/公司代码/WCRCourseWare"

SPEC CHECKSUMS:
  ReactiveObjC: 2a38ea15335de4119d8b17caf1db1484f61db902
  WCRBase: 60b0e925a3334dbd0eca19f8c9e5f158dbeafe1e
  WCRCourseWare: 5cc22802126ab912c66efa902351a77e15a7c46e
  WCRPlayer: 292d8facfdc4661768baa70ce5849c5d5f0c901e

PODFILE CHECKSUM: 1fe25dbcd2a7028432f547e1897cc206c455f104

COCOAPODS: 1.5.3
